// !$*UTF8*$!
{
	archiveVersion = 1;
	classes = {
	};
	objectVersion = 56;
	objects = {

/* Begin PBXBuildFile section */
		10DDE25B2C00F7F40084E1BF /* NotificationDataModel.swift in Sources */ = {isa = PBXBuildFile; fileRef = 10DDE25A2C00F7F40084E1BF /* NotificationDataModel.swift */; };
		10DDE25C2C00F7F40084E1BF /* NotificationDataModel.swift in Sources */ = {isa = PBXBuildFile; fileRef = 10DDE25A2C00F7F40084E1BF /* NotificationDataModel.swift */; };
		10DDE25D2C00F7F40084E1BF /* NotificationDataModel.swift in Sources */ = {isa = PBXBuildFile; fileRef = 10DDE25A2C00F7F40084E1BF /* NotificationDataModel.swift */; };
		10DDE25E2C00F7F40084E1BF /* NotificationDataModel.swift in Sources */ = {isa = PBXBuildFile; fileRef = 10DDE25A2C00F7F40084E1BF /* NotificationDataModel.swift */; };
		10DDE2602C00F9AA0084E1BF /* FirebaseMessaging in Frameworks */ = {isa = PBXBuildFile; productRef = 10DDE25F2C00F9AA0084E1BF /* FirebaseMessaging */; };
		4F1A593D2BF8892000C3EF2C /* Pretendard-ExtraBold.otf in Resources */ = {isa = PBXBuildFile; fileRef = 4F1A59342BF8892000C3EF2C /* Pretendard-ExtraBold.otf */; };
		4F1A593E2BF8892000C3EF2C /* Pretendard-ExtraBold.otf in Resources */ = {isa = PBXBuildFile; fileRef = 4F1A59342BF8892000C3EF2C /* Pretendard-ExtraBold.otf */; };
		4F1A593F2BF8892000C3EF2C /* Pretendard-ExtraBold.otf in Resources */ = {isa = PBXBuildFile; fileRef = 4F1A59342BF8892000C3EF2C /* Pretendard-ExtraBold.otf */; };
		4F1A59402BF8892000C3EF2C /* Pretendard-ExtraLight.otf in Resources */ = {isa = PBXBuildFile; fileRef = 4F1A59352BF8892000C3EF2C /* Pretendard-ExtraLight.otf */; };
		4F1A59412BF8892000C3EF2C /* Pretendard-ExtraLight.otf in Resources */ = {isa = PBXBuildFile; fileRef = 4F1A59352BF8892000C3EF2C /* Pretendard-ExtraLight.otf */; };
		4F1A59422BF8892000C3EF2C /* Pretendard-ExtraLight.otf in Resources */ = {isa = PBXBuildFile; fileRef = 4F1A59352BF8892000C3EF2C /* Pretendard-ExtraLight.otf */; };
		4F1A59432BF8892000C3EF2C /* Pretendard-Regular.otf in Resources */ = {isa = PBXBuildFile; fileRef = 4F1A59362BF8892000C3EF2C /* Pretendard-Regular.otf */; };
		4F1A59442BF8892000C3EF2C /* Pretendard-Regular.otf in Resources */ = {isa = PBXBuildFile; fileRef = 4F1A59362BF8892000C3EF2C /* Pretendard-Regular.otf */; };
		4F1A59452BF8892000C3EF2C /* Pretendard-Regular.otf in Resources */ = {isa = PBXBuildFile; fileRef = 4F1A59362BF8892000C3EF2C /* Pretendard-Regular.otf */; };
		4F1A59462BF8892000C3EF2C /* Pretendard-Light.otf in Resources */ = {isa = PBXBuildFile; fileRef = 4F1A59372BF8892000C3EF2C /* Pretendard-Light.otf */; };
		4F1A59472BF8892000C3EF2C /* Pretendard-Light.otf in Resources */ = {isa = PBXBuildFile; fileRef = 4F1A59372BF8892000C3EF2C /* Pretendard-Light.otf */; };
		4F1A59482BF8892000C3EF2C /* Pretendard-Light.otf in Resources */ = {isa = PBXBuildFile; fileRef = 4F1A59372BF8892000C3EF2C /* Pretendard-Light.otf */; };
		4F1A59492BF8892000C3EF2C /* Pretendard-Bold.otf in Resources */ = {isa = PBXBuildFile; fileRef = 4F1A59382BF8892000C3EF2C /* Pretendard-Bold.otf */; };
		4F1A594A2BF8892000C3EF2C /* Pretendard-Bold.otf in Resources */ = {isa = PBXBuildFile; fileRef = 4F1A59382BF8892000C3EF2C /* Pretendard-Bold.otf */; };
		4F1A594B2BF8892000C3EF2C /* Pretendard-Bold.otf in Resources */ = {isa = PBXBuildFile; fileRef = 4F1A59382BF8892000C3EF2C /* Pretendard-Bold.otf */; };
		4F1A594C2BF8892000C3EF2C /* Pretendard-Thin.otf in Resources */ = {isa = PBXBuildFile; fileRef = 4F1A59392BF8892000C3EF2C /* Pretendard-Thin.otf */; };
		4F1A594D2BF8892000C3EF2C /* Pretendard-Thin.otf in Resources */ = {isa = PBXBuildFile; fileRef = 4F1A59392BF8892000C3EF2C /* Pretendard-Thin.otf */; };
		4F1A594E2BF8892000C3EF2C /* Pretendard-Thin.otf in Resources */ = {isa = PBXBuildFile; fileRef = 4F1A59392BF8892000C3EF2C /* Pretendard-Thin.otf */; };
		4F1A594F2BF8892000C3EF2C /* Pretendard-Black.otf in Resources */ = {isa = PBXBuildFile; fileRef = 4F1A593A2BF8892000C3EF2C /* Pretendard-Black.otf */; };
		4F1A59502BF8892000C3EF2C /* Pretendard-Black.otf in Resources */ = {isa = PBXBuildFile; fileRef = 4F1A593A2BF8892000C3EF2C /* Pretendard-Black.otf */; };
		4F1A59512BF8892000C3EF2C /* Pretendard-Black.otf in Resources */ = {isa = PBXBuildFile; fileRef = 4F1A593A2BF8892000C3EF2C /* Pretendard-Black.otf */; };
		4F1A59522BF8892000C3EF2C /* Pretendard-Medium.otf in Resources */ = {isa = PBXBuildFile; fileRef = 4F1A593B2BF8892000C3EF2C /* Pretendard-Medium.otf */; };
		4F1A59532BF8892000C3EF2C /* Pretendard-Medium.otf in Resources */ = {isa = PBXBuildFile; fileRef = 4F1A593B2BF8892000C3EF2C /* Pretendard-Medium.otf */; };
		4F1A59542BF8892000C3EF2C /* Pretendard-Medium.otf in Resources */ = {isa = PBXBuildFile; fileRef = 4F1A593B2BF8892000C3EF2C /* Pretendard-Medium.otf */; };
		4F1A59552BF8892000C3EF2C /* Pretendard-SemiBold.otf in Resources */ = {isa = PBXBuildFile; fileRef = 4F1A593C2BF8892000C3EF2C /* Pretendard-SemiBold.otf */; };
		4F1A59562BF8892000C3EF2C /* Pretendard-SemiBold.otf in Resources */ = {isa = PBXBuildFile; fileRef = 4F1A593C2BF8892000C3EF2C /* Pretendard-SemiBold.otf */; };
		4F1A59572BF8892000C3EF2C /* Pretendard-SemiBold.otf in Resources */ = {isa = PBXBuildFile; fileRef = 4F1A593C2BF8892000C3EF2C /* Pretendard-SemiBold.otf */; };
		4F1A59592BF8894600C3EF2C /* FontManager.swift in Sources */ = {isa = PBXBuildFile; fileRef = 4F1A59582BF8894600C3EF2C /* FontManager.swift */; };
		4F1A595A2BF8894600C3EF2C /* FontManager.swift in Sources */ = {isa = PBXBuildFile; fileRef = 4F1A59582BF8894600C3EF2C /* FontManager.swift */; };
		4F1A595B2BF8894600C3EF2C /* FontManager.swift in Sources */ = {isa = PBXBuildFile; fileRef = 4F1A59582BF8894600C3EF2C /* FontManager.swift */; };
		4F3F813C2BFDDCEC008C920C /* Assets.xcassets in Resources */ = {isa = PBXBuildFile; fileRef = 4F3F813B2BFDDCEC008C920C /* Assets.xcassets */; };
		4F3F813E2BFDDDE2008C920C /* WidgetColor.swift in Sources */ = {isa = PBXBuildFile; fileRef = 4F3F813D2BFDDDE2008C920C /* WidgetColor.swift */; };
		4F3F813F2BFDDEDC008C920C /* Assets.xcassets in Resources */ = {isa = PBXBuildFile; fileRef = 4F3F813B2BFDDCEC008C920C /* Assets.xcassets */; };
		4F3F81402BFDE116008C920C /* WidgetColor.swift in Sources */ = {isa = PBXBuildFile; fileRef = 4F3F813D2BFDDDE2008C920C /* WidgetColor.swift */; };
		4F3F81412BFE0F7B008C920C /* MessageModel.swift in Sources */ = {isa = PBXBuildFile; fileRef = 9D79E9362BF5FAD700A05D95 /* MessageModel.swift */; };
		4F3F81422BFE10AE008C920C /* HomeView.swift in Sources */ = {isa = PBXBuildFile; fileRef = 4FF515932BF33F810056531C /* HomeView.swift */; };
		4F3F81542BFE63CA008C920C /* AppModelContainer.swift in Sources */ = {isa = PBXBuildFile; fileRef = 4F3F81532BFE63CA008C920C /* AppModelContainer.swift */; };
		4F3F81552BFE63CA008C920C /* AppModelContainer.swift in Sources */ = {isa = PBXBuildFile; fileRef = 4F3F81532BFE63CA008C920C /* AppModelContainer.swift */; };
		4F6D48982C00BDF9008B2A7F /* ContentView.swift in Sources */ = {isa = PBXBuildFile; fileRef = 4FF293F22BFA2779004BDDB3 /* ContentView.swift */; };
		4F6D489A2C00BEE4008B2A7F /* AppViewModel.swift in Sources */ = {isa = PBXBuildFile; fileRef = 4FF293F42BFA27AF004BDDB3 /* AppViewModel.swift */; };
		4F6D489B2C00BEEB008B2A7F /* LoginView.swift in Sources */ = {isa = PBXBuildFile; fileRef = 4FF5158B2BF33EAB0056531C /* LoginView.swift */; };
		4F6D489C2C00BEF9008B2A7F /* RandomCodeView.swift in Sources */ = {isa = PBXBuildFile; fileRef = 4FF5158F2BF33F430056531C /* RandomCodeView.swift */; };
		4F6D489D2C00BEFC008B2A7F /* PartnerNameView.swift in Sources */ = {isa = PBXBuildFile; fileRef = 4FF515912BF33F680056531C /* PartnerNameView.swift */; };
		4F6D489E2C00BF09008B2A7F /* MainView.swift in Sources */ = {isa = PBXBuildFile; fileRef = 4FAD25B12BF3339A00EBD37A /* MainView.swift */; };
		4F6D489F2C00BF1A008B2A7F /* TextEditView.swift in Sources */ = {isa = PBXBuildFile; fileRef = 4FF515952BF33FB40056531C /* TextEditView.swift */; };
		4F6D48A02C00BF1D008B2A7F /* ShowMessageView.swift in Sources */ = {isa = PBXBuildFile; fileRef = 4FF515972BF33FD70056531C /* ShowMessageView.swift */; };
		4F6D48A12C00BF50008B2A7F /* FontManager.swift in Sources */ = {isa = PBXBuildFile; fileRef = 4F1A59582BF8894600C3EF2C /* FontManager.swift */; };
		4F6D48A22C00BF54008B2A7F /* Pretendard-Black.otf in Resources */ = {isa = PBXBuildFile; fileRef = 4F1A593A2BF8892000C3EF2C /* Pretendard-Black.otf */; };
		4F6D48A32C00BF57008B2A7F /* Pretendard-Bold.otf in Resources */ = {isa = PBXBuildFile; fileRef = 4F1A59382BF8892000C3EF2C /* Pretendard-Bold.otf */; };
		4F6D48A42C00BF58008B2A7F /* Pretendard-ExtraBold.otf in Resources */ = {isa = PBXBuildFile; fileRef = 4F1A59342BF8892000C3EF2C /* Pretendard-ExtraBold.otf */; };
		4F6D48A52C00BF5A008B2A7F /* Pretendard-ExtraLight.otf in Resources */ = {isa = PBXBuildFile; fileRef = 4F1A59352BF8892000C3EF2C /* Pretendard-ExtraLight.otf */; };
		4F6D48A62C00BF5D008B2A7F /* Pretendard-Light.otf in Resources */ = {isa = PBXBuildFile; fileRef = 4F1A59372BF8892000C3EF2C /* Pretendard-Light.otf */; };
		4F6D48A72C00BF60008B2A7F /* Pretendard-Medium.otf in Resources */ = {isa = PBXBuildFile; fileRef = 4F1A593B2BF8892000C3EF2C /* Pretendard-Medium.otf */; };
		4F6D48A82C00BF62008B2A7F /* Pretendard-Regular.otf in Resources */ = {isa = PBXBuildFile; fileRef = 4F1A59362BF8892000C3EF2C /* Pretendard-Regular.otf */; };
		4F6D48A92C00BF65008B2A7F /* Pretendard-SemiBold.otf in Resources */ = {isa = PBXBuildFile; fileRef = 4F1A593C2BF8892000C3EF2C /* Pretendard-SemiBold.otf */; };
		4F6D48AA2C00BF67008B2A7F /* Pretendard-Thin.otf in Resources */ = {isa = PBXBuildFile; fileRef = 4F1A59392BF8892000C3EF2C /* Pretendard-Thin.otf */; };
		4F6D48AB2C00BF88008B2A7F /* UserStatusViewModel.swift in Sources */ = {isa = PBXBuildFile; fileRef = 4FF293E82BF8EF33004BDDB3 /* UserStatusViewModel.swift */; };
		4F6D48AC2C00BF8A008B2A7F /* LoginViewModel.swift in Sources */ = {isa = PBXBuildFile; fileRef = 4FD812D82BF87BA800F16ED0 /* LoginViewModel.swift */; };
		4F6D48AD2C00BF8D008B2A7F /* Assets.xcassets in Resources */ = {isa = PBXBuildFile; fileRef = 4FAD25B32BF3339B00EBD37A /* Assets.xcassets */; };
		4F8D878E2BFF8650006BEF4A /* (null) in Resources */ = {isa = PBXBuildFile; };
		4FAD25B02BF3339A00EBD37A /* DDooingApp.swift in Sources */ = {isa = PBXBuildFile; fileRef = 4FAD25AF2BF3339A00EBD37A /* DDooingApp.swift */; };
		4FAD25B22BF3339A00EBD37A /* MainView.swift in Sources */ = {isa = PBXBuildFile; fileRef = 4FAD25B12BF3339A00EBD37A /* MainView.swift */; };
		4FAD25B42BF3339B00EBD37A /* Assets.xcassets in Resources */ = {isa = PBXBuildFile; fileRef = 4FAD25B32BF3339B00EBD37A /* Assets.xcassets */; };
		4FAD25B72BF3339B00EBD37A /* Preview Assets.xcassets in Resources */ = {isa = PBXBuildFile; fileRef = 4FAD25B62BF3339B00EBD37A /* Preview Assets.xcassets */; };
		4FAD25C12BF3339B00EBD37A /* DDooingTests.swift in Sources */ = {isa = PBXBuildFile; fileRef = 4FAD25C02BF3339B00EBD37A /* DDooingTests.swift */; };
		4FAD25CB2BF3339B00EBD37A /* DDooingUITests.swift in Sources */ = {isa = PBXBuildFile; fileRef = 4FAD25CA2BF3339B00EBD37A /* DDooingUITests.swift */; };
		4FAD25CD2BF3339B00EBD37A /* DDooingUITestsLaunchTests.swift in Sources */ = {isa = PBXBuildFile; fileRef = 4FAD25CC2BF3339B00EBD37A /* DDooingUITestsLaunchTests.swift */; };
		4FB3E1F52D186FA5000C08A8 /* GoogleService-Info.plist in Resources */ = {isa = PBXBuildFile; fileRef = 4FB3E1F42D186FA5000C08A8 /* GoogleService-Info.plist */; };
		4FB3E1F62D186FA5000C08A8 /* GoogleService-Info.plist in Resources */ = {isa = PBXBuildFile; fileRef = 4FB3E1F42D186FA5000C08A8 /* GoogleService-Info.plist */; };
		4FB3E1F72D186FA5000C08A8 /* GoogleService-Info.plist in Resources */ = {isa = PBXBuildFile; fileRef = 4FB3E1F42D186FA5000C08A8 /* GoogleService-Info.plist */; };
		4FB3E1F82D186FA5000C08A8 /* GoogleService-Info.plist in Resources */ = {isa = PBXBuildFile; fileRef = 4FB3E1F42D186FA5000C08A8 /* GoogleService-Info.plist */; };
		4FBE64B52BFDC940008363A0 /* WidgetKit.framework in Frameworks */ = {isa = PBXBuildFile; fileRef = 4FBE64B42BFDC940008363A0 /* WidgetKit.framework */; };
		4FBE64B72BFDC940008363A0 /* SwiftUI.framework in Frameworks */ = {isa = PBXBuildFile; fileRef = 4FBE64B62BFDC940008363A0 /* SwiftUI.framework */; };
		4FBE64BA2BFDC940008363A0 /* DDooingWidgetBundle.swift in Sources */ = {isa = PBXBuildFile; fileRef = 4FBE64B92BFDC940008363A0 /* DDooingWidgetBundle.swift */; };
		4FBE64BC2BFDC940008363A0 /* DDooingWidgetLiveActivity.swift in Sources */ = {isa = PBXBuildFile; fileRef = 4FBE64BB2BFDC940008363A0 /* DDooingWidgetLiveActivity.swift */; };
		4FBE64BE2BFDC940008363A0 /* DDooingWidget.swift in Sources */ = {isa = PBXBuildFile; fileRef = 4FBE64BD2BFDC940008363A0 /* DDooingWidget.swift */; };
		4FBE64C02BFDC940008363A0 /* AppIntent.swift in Sources */ = {isa = PBXBuildFile; fileRef = 4FBE64BF2BFDC940008363A0 /* AppIntent.swift */; };
		4FBE64C62BFDC941008363A0 /* DDooingWidgetExtension.appex in Embed Foundation Extensions */ = {isa = PBXBuildFile; fileRef = 4FBE64B32BFDC940008363A0 /* DDooingWidgetExtension.appex */; settings = {ATTRIBUTES = (RemoveHeadersOnCopy, ); }; };
		4FBE64D02BFDD4F5008363A0 /* DDooingWidget.swift in Sources */ = {isa = PBXBuildFile; fileRef = 4FBE64BD2BFDC940008363A0 /* DDooingWidget.swift */; };
		4FBE64D22BFDD572008363A0 /* FirebaseAnalytics in Frameworks */ = {isa = PBXBuildFile; productRef = 4FBE64D12BFDD572008363A0 /* FirebaseAnalytics */; };
		4FBE64D42BFDD572008363A0 /* FirebaseAuth in Frameworks */ = {isa = PBXBuildFile; productRef = 4FBE64D32BFDD572008363A0 /* FirebaseAuth */; };
		4FBE64D62BFDD572008363A0 /* FirebaseDatabase in Frameworks */ = {isa = PBXBuildFile; productRef = 4FBE64D52BFDD572008363A0 /* FirebaseDatabase */; };
		4FBE64D82BFDD572008363A0 /* FirebaseDatabaseSwift in Frameworks */ = {isa = PBXBuildFile; productRef = 4FBE64D72BFDD572008363A0 /* FirebaseDatabaseSwift */; };
		4FBE64DA2BFDD572008363A0 /* FirebaseFirestore in Frameworks */ = {isa = PBXBuildFile; productRef = 4FBE64D92BFDD572008363A0 /* FirebaseFirestore */; };
		4FBE64DC2BFDD572008363A0 /* FirebaseFirestoreSwift in Frameworks */ = {isa = PBXBuildFile; productRef = 4FBE64DB2BFDD572008363A0 /* FirebaseFirestoreSwift */; };
		4FD812CD2BF87AB900F16ED0 /* FirebaseAnalytics in Frameworks */ = {isa = PBXBuildFile; productRef = 4FD812CC2BF87AB900F16ED0 /* FirebaseAnalytics */; };
		4FD812CF2BF87AB900F16ED0 /* FirebaseAuth in Frameworks */ = {isa = PBXBuildFile; productRef = 4FD812CE2BF87AB900F16ED0 /* FirebaseAuth */; };
		4FD812D12BF87AB900F16ED0 /* FirebaseDatabase in Frameworks */ = {isa = PBXBuildFile; productRef = 4FD812D02BF87AB900F16ED0 /* FirebaseDatabase */; };
		4FD812D32BF87AB900F16ED0 /* FirebaseDatabaseSwift in Frameworks */ = {isa = PBXBuildFile; productRef = 4FD812D22BF87AB900F16ED0 /* FirebaseDatabaseSwift */; };
		4FD812D52BF87AB900F16ED0 /* FirebaseFirestore in Frameworks */ = {isa = PBXBuildFile; productRef = 4FD812D42BF87AB900F16ED0 /* FirebaseFirestore */; };
		4FD812D72BF87AB900F16ED0 /* FirebaseFirestoreSwift in Frameworks */ = {isa = PBXBuildFile; productRef = 4FD812D62BF87AB900F16ED0 /* FirebaseFirestoreSwift */; };
		4FD812D92BF87BA800F16ED0 /* LoginViewModel.swift in Sources */ = {isa = PBXBuildFile; fileRef = 4FD812D82BF87BA800F16ED0 /* LoginViewModel.swift */; };
		4FF293E92BF8EF33004BDDB3 /* UserStatusViewModel.swift in Sources */ = {isa = PBXBuildFile; fileRef = 4FF293E82BF8EF33004BDDB3 /* UserStatusViewModel.swift */; };
		4FF293F32BFA2779004BDDB3 /* ContentView.swift in Sources */ = {isa = PBXBuildFile; fileRef = 4FF293F22BFA2779004BDDB3 /* ContentView.swift */; };
		4FF293F52BFA27AF004BDDB3 /* AppViewModel.swift in Sources */ = {isa = PBXBuildFile; fileRef = 4FF293F42BFA27AF004BDDB3 /* AppViewModel.swift */; };
		4FF5158C2BF33EAB0056531C /* LoginView.swift in Sources */ = {isa = PBXBuildFile; fileRef = 4FF5158B2BF33EAB0056531C /* LoginView.swift */; };
		4FF515902BF33F430056531C /* RandomCodeView.swift in Sources */ = {isa = PBXBuildFile; fileRef = 4FF5158F2BF33F430056531C /* RandomCodeView.swift */; };
		4FF515922BF33F680056531C /* PartnerNameView.swift in Sources */ = {isa = PBXBuildFile; fileRef = 4FF515912BF33F680056531C /* PartnerNameView.swift */; };
		4FF515942BF33F810056531C /* HomeView.swift in Sources */ = {isa = PBXBuildFile; fileRef = 4FF515932BF33F810056531C /* HomeView.swift */; };
		4FF515962BF33FB40056531C /* TextEditView.swift in Sources */ = {isa = PBXBuildFile; fileRef = 4FF515952BF33FB40056531C /* TextEditView.swift */; };
		4FF515982BF33FD70056531C /* ShowMessageView.swift in Sources */ = {isa = PBXBuildFile; fileRef = 4FF515972BF33FD70056531C /* ShowMessageView.swift */; };
		9D79E9372BF5FAD700A05D95 /* MessageModel.swift in Sources */ = {isa = PBXBuildFile; fileRef = 9D79E9362BF5FAD700A05D95 /* MessageModel.swift */; };
/* End PBXBuildFile section */

/* Begin PBXContainerItemProxy section */
		4FAD25BD2BF3339B00EBD37A /* PBXContainerItemProxy */ = {
			isa = PBXContainerItemProxy;
			containerPortal = 4FAD25A42BF3339A00EBD37A /* Project object */;
			proxyType = 1;
			remoteGlobalIDString = 4FAD25AB2BF3339A00EBD37A;
			remoteInfo = DDooing;
		};
		4FAD25C72BF3339B00EBD37A /* PBXContainerItemProxy */ = {
			isa = PBXContainerItemProxy;
			containerPortal = 4FAD25A42BF3339A00EBD37A /* Project object */;
			proxyType = 1;
			remoteGlobalIDString = 4FAD25AB2BF3339A00EBD37A;
			remoteInfo = DDooing;
		};
		4FBE64C42BFDC941008363A0 /* PBXContainerItemProxy */ = {
			isa = PBXContainerItemProxy;
			containerPortal = 4FAD25A42BF3339A00EBD37A /* Project object */;
			proxyType = 1;
			remoteGlobalIDString = 4FBE64B22BFDC940008363A0;
			remoteInfo = DDooingWidgetExtension;
		};
/* End PBXContainerItemProxy section */

/* Begin PBXCopyFilesBuildPhase section */
		4FBE64C72BFDC941008363A0 /* Embed Foundation Extensions */ = {
			isa = PBXCopyFilesBuildPhase;
			buildActionMask = 2147483647;
			dstPath = "";
			dstSubfolderSpec = 13;
			files = (
				4FBE64C62BFDC941008363A0 /* DDooingWidgetExtension.appex in Embed Foundation Extensions */,
			);
			name = "Embed Foundation Extensions";
			runOnlyForDeploymentPostprocessing = 0;
		};
/* End PBXCopyFilesBuildPhase section */

/* Begin PBXFileReference section */
		10DDE24D2C00EF2D0084E1BF /* DDooingRelease.entitlements */ = {isa = PBXFileReference; lastKnownFileType = text.plist.entitlements; path = DDooingRelease.entitlements; sourceTree = "<group>"; };
		10DDE25A2C00F7F40084E1BF /* NotificationDataModel.swift */ = {isa = PBXFileReference; lastKnownFileType = sourcecode.swift; path = NotificationDataModel.swift; sourceTree = "<group>"; };
		4F1A59342BF8892000C3EF2C /* Pretendard-ExtraBold.otf */ = {isa = PBXFileReference; lastKnownFileType = file; path = "Pretendard-ExtraBold.otf"; sourceTree = "<group>"; };
		4F1A59352BF8892000C3EF2C /* Pretendard-ExtraLight.otf */ = {isa = PBXFileReference; lastKnownFileType = file; path = "Pretendard-ExtraLight.otf"; sourceTree = "<group>"; };
		4F1A59362BF8892000C3EF2C /* Pretendard-Regular.otf */ = {isa = PBXFileReference; lastKnownFileType = file; path = "Pretendard-Regular.otf"; sourceTree = "<group>"; };
		4F1A59372BF8892000C3EF2C /* Pretendard-Light.otf */ = {isa = PBXFileReference; lastKnownFileType = file; path = "Pretendard-Light.otf"; sourceTree = "<group>"; };
		4F1A59382BF8892000C3EF2C /* Pretendard-Bold.otf */ = {isa = PBXFileReference; lastKnownFileType = file; path = "Pretendard-Bold.otf"; sourceTree = "<group>"; };
		4F1A59392BF8892000C3EF2C /* Pretendard-Thin.otf */ = {isa = PBXFileReference; lastKnownFileType = file; path = "Pretendard-Thin.otf"; sourceTree = "<group>"; };
		4F1A593A2BF8892000C3EF2C /* Pretendard-Black.otf */ = {isa = PBXFileReference; lastKnownFileType = file; path = "Pretendard-Black.otf"; sourceTree = "<group>"; };
		4F1A593B2BF8892000C3EF2C /* Pretendard-Medium.otf */ = {isa = PBXFileReference; lastKnownFileType = file; path = "Pretendard-Medium.otf"; sourceTree = "<group>"; };
		4F1A593C2BF8892000C3EF2C /* Pretendard-SemiBold.otf */ = {isa = PBXFileReference; lastKnownFileType = file; path = "Pretendard-SemiBold.otf"; sourceTree = "<group>"; };
		4F1A59582BF8894600C3EF2C /* FontManager.swift */ = {isa = PBXFileReference; lastKnownFileType = sourcecode.swift; path = FontManager.swift; sourceTree = "<group>"; };
		4F1A595C2BF8896A00C3EF2C /* Info.plist */ = {isa = PBXFileReference; lastKnownFileType = text.plist; path = Info.plist; sourceTree = "<group>"; };
		4F3F813B2BFDDCEC008C920C /* Assets.xcassets */ = {isa = PBXFileReference; lastKnownFileType = folder.assetcatalog; path = Assets.xcassets; sourceTree = "<group>"; };
		4F3F813D2BFDDDE2008C920C /* WidgetColor.swift */ = {isa = PBXFileReference; lastKnownFileType = sourcecode.swift; path = WidgetColor.swift; sourceTree = "<group>"; };
		4F3F81532BFE63CA008C920C /* AppModelContainer.swift */ = {isa = PBXFileReference; lastKnownFileType = sourcecode.swift; path = AppModelContainer.swift; sourceTree = "<group>"; };
		4FAD25AC2BF3339A00EBD37A /* DDooing.app */ = {isa = PBXFileReference; explicitFileType = wrapper.application; includeInIndex = 0; path = DDooing.app; sourceTree = BUILT_PRODUCTS_DIR; };
		4FAD25AF2BF3339A00EBD37A /* DDooingApp.swift */ = {isa = PBXFileReference; lastKnownFileType = sourcecode.swift; path = DDooingApp.swift; sourceTree = "<group>"; };
		4FAD25B12BF3339A00EBD37A /* MainView.swift */ = {isa = PBXFileReference; lastKnownFileType = sourcecode.swift; path = MainView.swift; sourceTree = "<group>"; };
		4FAD25B32BF3339B00EBD37A /* Assets.xcassets */ = {isa = PBXFileReference; lastKnownFileType = folder.assetcatalog; path = Assets.xcassets; sourceTree = "<group>"; };
		4FAD25B62BF3339B00EBD37A /* Preview Assets.xcassets */ = {isa = PBXFileReference; lastKnownFileType = folder.assetcatalog; path = "Preview Assets.xcassets"; sourceTree = "<group>"; };
		4FAD25BC2BF3339B00EBD37A /* DDooingTests.xctest */ = {isa = PBXFileReference; explicitFileType = wrapper.cfbundle; includeInIndex = 0; path = DDooingTests.xctest; sourceTree = BUILT_PRODUCTS_DIR; };
		4FAD25C02BF3339B00EBD37A /* DDooingTests.swift */ = {isa = PBXFileReference; lastKnownFileType = sourcecode.swift; path = DDooingTests.swift; sourceTree = "<group>"; };
		4FAD25C62BF3339B00EBD37A /* DDooingUITests.xctest */ = {isa = PBXFileReference; explicitFileType = wrapper.cfbundle; includeInIndex = 0; path = DDooingUITests.xctest; sourceTree = BUILT_PRODUCTS_DIR; };
		4FAD25CA2BF3339B00EBD37A /* DDooingUITests.swift */ = {isa = PBXFileReference; lastKnownFileType = sourcecode.swift; path = DDooingUITests.swift; sourceTree = "<group>"; };
		4FAD25CC2BF3339B00EBD37A /* DDooingUITestsLaunchTests.swift */ = {isa = PBXFileReference; lastKnownFileType = sourcecode.swift; path = DDooingUITestsLaunchTests.swift; sourceTree = "<group>"; };
		4FB3E1F42D186FA5000C08A8 /* GoogleService-Info.plist */ = {isa = PBXFileReference; lastKnownFileType = text.plist.xml; path = "GoogleService-Info.plist"; sourceTree = "<group>"; };
		4FBE64B32BFDC940008363A0 /* DDooingWidgetExtension.appex */ = {isa = PBXFileReference; explicitFileType = "wrapper.app-extension"; includeInIndex = 0; path = DDooingWidgetExtension.appex; sourceTree = BUILT_PRODUCTS_DIR; };
		4FBE64B42BFDC940008363A0 /* WidgetKit.framework */ = {isa = PBXFileReference; lastKnownFileType = wrapper.framework; name = WidgetKit.framework; path = System/Library/Frameworks/WidgetKit.framework; sourceTree = SDKROOT; };
		4FBE64B62BFDC940008363A0 /* SwiftUI.framework */ = {isa = PBXFileReference; lastKnownFileType = wrapper.framework; name = SwiftUI.framework; path = System/Library/Frameworks/SwiftUI.framework; sourceTree = SDKROOT; };
		4FBE64B92BFDC940008363A0 /* DDooingWidgetBundle.swift */ = {isa = PBXFileReference; lastKnownFileType = sourcecode.swift; path = DDooingWidgetBundle.swift; sourceTree = "<group>"; };
		4FBE64BB2BFDC940008363A0 /* DDooingWidgetLiveActivity.swift */ = {isa = PBXFileReference; lastKnownFileType = sourcecode.swift; path = DDooingWidgetLiveActivity.swift; sourceTree = "<group>"; };
		4FBE64BD2BFDC940008363A0 /* DDooingWidget.swift */ = {isa = PBXFileReference; lastKnownFileType = sourcecode.swift; path = DDooingWidget.swift; sourceTree = "<group>"; };
		4FBE64BF2BFDC940008363A0 /* AppIntent.swift */ = {isa = PBXFileReference; lastKnownFileType = sourcecode.swift; path = AppIntent.swift; sourceTree = "<group>"; };
		4FBE64C32BFDC941008363A0 /* Info.plist */ = {isa = PBXFileReference; lastKnownFileType = text.plist.xml; path = Info.plist; sourceTree = "<group>"; };
		4FBE64CB2BFDCB80008363A0 /* DDooingWidgetExtension.entitlements */ = {isa = PBXFileReference; lastKnownFileType = text.plist.entitlements; path = DDooingWidgetExtension.entitlements; sourceTree = "<group>"; };
		4FD812CA2BF87A8200F16ED0 /* DDooing.entitlements */ = {isa = PBXFileReference; lastKnownFileType = text.plist.entitlements; path = DDooing.entitlements; sourceTree = "<group>"; };
		4FD812D82BF87BA800F16ED0 /* LoginViewModel.swift */ = {isa = PBXFileReference; lastKnownFileType = sourcecode.swift; path = LoginViewModel.swift; sourceTree = "<group>"; };
		4FF293E82BF8EF33004BDDB3 /* UserStatusViewModel.swift */ = {isa = PBXFileReference; lastKnownFileType = sourcecode.swift; path = UserStatusViewModel.swift; sourceTree = "<group>"; };
		4FF293F22BFA2779004BDDB3 /* ContentView.swift */ = {isa = PBXFileReference; lastKnownFileType = sourcecode.swift; path = ContentView.swift; sourceTree = "<group>"; };
		4FF293F42BFA27AF004BDDB3 /* AppViewModel.swift */ = {isa = PBXFileReference; lastKnownFileType = sourcecode.swift; path = AppViewModel.swift; sourceTree = "<group>"; };
		4FF5158B2BF33EAB0056531C /* LoginView.swift */ = {isa = PBXFileReference; lastKnownFileType = sourcecode.swift; path = LoginView.swift; sourceTree = "<group>"; };
		4FF5158F2BF33F430056531C /* RandomCodeView.swift */ = {isa = PBXFileReference; lastKnownFileType = sourcecode.swift; path = RandomCodeView.swift; sourceTree = "<group>"; };
		4FF515912BF33F680056531C /* PartnerNameView.swift */ = {isa = PBXFileReference; lastKnownFileType = sourcecode.swift; path = PartnerNameView.swift; sourceTree = "<group>"; };
		4FF515932BF33F810056531C /* HomeView.swift */ = {isa = PBXFileReference; lastKnownFileType = sourcecode.swift; path = HomeView.swift; sourceTree = "<group>"; };
		4FF515952BF33FB40056531C /* TextEditView.swift */ = {isa = PBXFileReference; lastKnownFileType = sourcecode.swift; path = TextEditView.swift; sourceTree = "<group>"; };
		4FF515972BF33FD70056531C /* ShowMessageView.swift */ = {isa = PBXFileReference; lastKnownFileType = sourcecode.swift; path = ShowMessageView.swift; sourceTree = "<group>"; };
		9D79E9362BF5FAD700A05D95 /* MessageModel.swift */ = {isa = PBXFileReference; lastKnownFileType = sourcecode.swift; path = MessageModel.swift; sourceTree = "<group>"; };
/* End PBXFileReference section */

/* Begin PBXFrameworksBuildPhase section */
		4FAD25A92BF3339A00EBD37A /* Frameworks */ = {
			isa = PBXFrameworksBuildPhase;
			buildActionMask = 2147483647;
			files = (
				4FD812D32BF87AB900F16ED0 /* FirebaseDatabaseSwift in Frameworks */,
				4FD812D12BF87AB900F16ED0 /* FirebaseDatabase in Frameworks */,
				10DDE2602C00F9AA0084E1BF /* FirebaseMessaging in Frameworks */,
				4FD812CD2BF87AB900F16ED0 /* FirebaseAnalytics in Frameworks */,
				4FD812D52BF87AB900F16ED0 /* FirebaseFirestore in Frameworks */,
				4FD812CF2BF87AB900F16ED0 /* FirebaseAuth in Frameworks */,
				4FD812D72BF87AB900F16ED0 /* FirebaseFirestoreSwift in Frameworks */,
			);
			runOnlyForDeploymentPostprocessing = 0;
		};
		4FAD25B92BF3339B00EBD37A /* Frameworks */ = {
			isa = PBXFrameworksBuildPhase;
			buildActionMask = 2147483647;
			files = (
			);
			runOnlyForDeploymentPostprocessing = 0;
		};
		4FAD25C32BF3339B00EBD37A /* Frameworks */ = {
			isa = PBXFrameworksBuildPhase;
			buildActionMask = 2147483647;
			files = (
			);
			runOnlyForDeploymentPostprocessing = 0;
		};
		4FBE64B02BFDC940008363A0 /* Frameworks */ = {
			isa = PBXFrameworksBuildPhase;
			buildActionMask = 2147483647;
			files = (
				4FBE64D82BFDD572008363A0 /* FirebaseDatabaseSwift in Frameworks */,
				4FBE64D62BFDD572008363A0 /* FirebaseDatabase in Frameworks */,
				4FBE64B72BFDC940008363A0 /* SwiftUI.framework in Frameworks */,
				4FBE64B52BFDC940008363A0 /* WidgetKit.framework in Frameworks */,
				4FBE64D22BFDD572008363A0 /* FirebaseAnalytics in Frameworks */,
				4FBE64D42BFDD572008363A0 /* FirebaseAuth in Frameworks */,
				4FBE64DA2BFDD572008363A0 /* FirebaseFirestore in Frameworks */,
				4FBE64DC2BFDD572008363A0 /* FirebaseFirestoreSwift in Frameworks */,
			);
			runOnlyForDeploymentPostprocessing = 0;
		};
/* End PBXFrameworksBuildPhase section */

/* Begin PBXGroup section */
		4F1A59322BF888C700C3EF2C /* Resources */ = {
			isa = PBXGroup;
			children = (
				4F3E652A2BFB140A00996806 /* Assets */,
				4F1A59332BF888D300C3EF2C /* Fonts */,
			);
			path = Resources;
			sourceTree = "<group>";
		};
		4F1A59332BF888D300C3EF2C /* Fonts */ = {
			isa = PBXGroup;
			children = (
				4F1A59582BF8894600C3EF2C /* FontManager.swift */,
				4F1A593A2BF8892000C3EF2C /* Pretendard-Black.otf */,
				4F1A59382BF8892000C3EF2C /* Pretendard-Bold.otf */,
				4F1A59342BF8892000C3EF2C /* Pretendard-ExtraBold.otf */,
				4F1A59352BF8892000C3EF2C /* Pretendard-ExtraLight.otf */,
				4F1A59372BF8892000C3EF2C /* Pretendard-Light.otf */,
				4F1A593B2BF8892000C3EF2C /* Pretendard-Medium.otf */,
				4F1A59362BF8892000C3EF2C /* Pretendard-Regular.otf */,
				4F1A593C2BF8892000C3EF2C /* Pretendard-SemiBold.otf */,
				4F1A59392BF8892000C3EF2C /* Pretendard-Thin.otf */,
			);
			path = Fonts;
			sourceTree = "<group>";
		};
		4F3E65282BFB13E700996806 /* ViewModels */ = {
			isa = PBXGroup;
			children = (
				4FF293F42BFA27AF004BDDB3 /* AppViewModel.swift */,
				4FF293E82BF8EF33004BDDB3 /* UserStatusViewModel.swift */,
				4FD812D82BF87BA800F16ED0 /* LoginViewModel.swift */,
			);
			path = ViewModels;
			sourceTree = "<group>";
		};
		4F3E65292BFB13F300996806 /* Models */ = {
			isa = PBXGroup;
			children = (
				9D79E9362BF5FAD700A05D95 /* MessageModel.swift */,
				4F3F81532BFE63CA008C920C /* AppModelContainer.swift */,
				10DDE25A2C00F7F40084E1BF /* NotificationDataModel.swift */,
			);
			path = Models;
			sourceTree = "<group>";
		};
		4F3E652A2BFB140A00996806 /* Assets */ = {
			isa = PBXGroup;
			children = (
				4FAD25B32BF3339B00EBD37A /* Assets.xcassets */,
			);
			path = Assets;
			sourceTree = "<group>";
		};
		4F3E652B2BFB14CE00996806 /* Views */ = {
			isa = PBXGroup;
			children = (
				4FAD25AF2BF3339A00EBD37A /* DDooingApp.swift */,
				4FAD25B12BF3339A00EBD37A /* MainView.swift */,
				4FF293F22BFA2779004BDDB3 /* ContentView.swift */,
				4F3E652F2BFB14FA00996806 /* TextEdit */,
				4F3E652E2BFB14EC00996806 /* ShowMessage */,
				4F3E652D2BFB14E200996806 /* Auth */,
				4F3E652C2BFB14D800996806 /* Home */,
			);
			path = Views;
			sourceTree = "<group>";
		};
		4F3E652C2BFB14D800996806 /* Home */ = {
			isa = PBXGroup;
			children = (
				4FF515932BF33F810056531C /* HomeView.swift */,
			);
			path = Home;
			sourceTree = "<group>";
		};
		4F3E652D2BFB14E200996806 /* Auth */ = {
			isa = PBXGroup;
			children = (
				4FF5158B2BF33EAB0056531C /* LoginView.swift */,
				4FF5158F2BF33F430056531C /* RandomCodeView.swift */,
				4FF515912BF33F680056531C /* PartnerNameView.swift */,
			);
			path = Auth;
			sourceTree = "<group>";
		};
		4F3E652E2BFB14EC00996806 /* ShowMessage */ = {
			isa = PBXGroup;
			children = (
				4FF515972BF33FD70056531C /* ShowMessageView.swift */,
			);
			path = ShowMessage;
			sourceTree = "<group>";
		};
		4F3E652F2BFB14FA00996806 /* TextEdit */ = {
			isa = PBXGroup;
			children = (
				4FF515952BF33FB40056531C /* TextEditView.swift */,
			);
			path = TextEdit;
			sourceTree = "<group>";
		};
		4FAD25A32BF3339A00EBD37A = {
			isa = PBXGroup;
			children = (
				4FB3E1F42D186FA5000C08A8 /* GoogleService-Info.plist */,
				4FBE64CB2BFDCB80008363A0 /* DDooingWidgetExtension.entitlements */,
				4FAD25AE2BF3339A00EBD37A /* DDooing */,
				4FAD25BF2BF3339B00EBD37A /* DDooingTests */,
				4FAD25C92BF3339B00EBD37A /* DDooingUITests */,
				4FBE64B82BFDC940008363A0 /* DDooingWidget */,
				4FAD25AD2BF3339A00EBD37A /* Products */,
				4FD812CB2BF87AB900F16ED0 /* Frameworks */,
				4FBE64AE2BFDA19E008363A0 /* Recovered References */,
			);
			sourceTree = "<group>";
		};
		4FAD25AD2BF3339A00EBD37A /* Products */ = {
			isa = PBXGroup;
			children = (
				4FAD25AC2BF3339A00EBD37A /* DDooing.app */,
				4FAD25BC2BF3339B00EBD37A /* DDooingTests.xctest */,
				4FAD25C62BF3339B00EBD37A /* DDooingUITests.xctest */,
				4FBE64B32BFDC940008363A0 /* DDooingWidgetExtension.appex */,
			);
			name = Products;
			sourceTree = "<group>";
		};
		4FAD25AE2BF3339A00EBD37A /* DDooing */ = {
			isa = PBXGroup;
			children = (
				10DDE24D2C00EF2D0084E1BF /* DDooingRelease.entitlements */,
				4F1A595C2BF8896A00C3EF2C /* Info.plist */,
				4FAD25B52BF3339B00EBD37A /* Preview Content */,
				4F3E652B2BFB14CE00996806 /* Views */,
				4F3E65292BFB13F300996806 /* Models */,
				4F3E65282BFB13E700996806 /* ViewModels */,
				4F1A59322BF888C700C3EF2C /* Resources */,
				4FD812CA2BF87A8200F16ED0 /* DDooing.entitlements */,
			);
			path = DDooing;
			sourceTree = "<group>";
		};
		4FAD25B52BF3339B00EBD37A /* Preview Content */ = {
			isa = PBXGroup;
			children = (
				4FAD25B62BF3339B00EBD37A /* Preview Assets.xcassets */,
			);
			path = "Preview Content";
			sourceTree = "<group>";
		};
		4FAD25BF2BF3339B00EBD37A /* DDooingTests */ = {
			isa = PBXGroup;
			children = (
				4FAD25C02BF3339B00EBD37A /* DDooingTests.swift */,
			);
			path = DDooingTests;
			sourceTree = "<group>";
		};
		4FAD25C92BF3339B00EBD37A /* DDooingUITests */ = {
			isa = PBXGroup;
			children = (
				4FAD25CA2BF3339B00EBD37A /* DDooingUITests.swift */,
				4FAD25CC2BF3339B00EBD37A /* DDooingUITestsLaunchTests.swift */,
			);
			path = DDooingUITests;
			sourceTree = "<group>";
		};
		4FBE64AE2BFDA19E008363A0 /* Recovered References */ = {
			isa = PBXGroup;
			children = (
			);
			name = "Recovered References";
			sourceTree = "<group>";
		};
		4FBE64B82BFDC940008363A0 /* DDooingWidget */ = {
			isa = PBXGroup;
			children = (
				4FBE64B92BFDC940008363A0 /* DDooingWidgetBundle.swift */,
				4FBE64BB2BFDC940008363A0 /* DDooingWidgetLiveActivity.swift */,
				4FBE64BD2BFDC940008363A0 /* DDooingWidget.swift */,
				4FBE64BF2BFDC940008363A0 /* AppIntent.swift */,
				4F3F813D2BFDDDE2008C920C /* WidgetColor.swift */,
				4FBE64C32BFDC941008363A0 /* Info.plist */,
				4F3F813B2BFDDCEC008C920C /* Assets.xcassets */,
			);
			path = DDooingWidget;
			sourceTree = "<group>";
		};
		4FD812CB2BF87AB900F16ED0 /* Frameworks */ = {
			isa = PBXGroup;
			children = (
				4FBE64B42BFDC940008363A0 /* WidgetKit.framework */,
				4FBE64B62BFDC940008363A0 /* SwiftUI.framework */,
			);
			name = Frameworks;
			sourceTree = "<group>";
		};
/* End PBXGroup section */

/* Begin PBXNativeTarget section */
		4FAD25AB2BF3339A00EBD37A /* DDooing */ = {
			isa = PBXNativeTarget;
			buildConfigurationList = 4FAD25D02BF3339B00EBD37A /* Build configuration list for PBXNativeTarget "DDooing" */;
			buildPhases = (
				4FAD25A82BF3339A00EBD37A /* Sources */,
				4FAD25A92BF3339A00EBD37A /* Frameworks */,
				4FAD25AA2BF3339A00EBD37A /* Resources */,
				4FBE64C72BFDC941008363A0 /* Embed Foundation Extensions */,
			);
			buildRules = (
			);
			dependencies = (
				4FBE64C52BFDC941008363A0 /* PBXTargetDependency */,
			);
			name = DDooing;
			packageProductDependencies = (
				4FD812CC2BF87AB900F16ED0 /* FirebaseAnalytics */,
				4FD812CE2BF87AB900F16ED0 /* FirebaseAuth */,
				4FD812D02BF87AB900F16ED0 /* FirebaseDatabase */,
				4FD812D22BF87AB900F16ED0 /* FirebaseDatabaseSwift */,
				4FD812D42BF87AB900F16ED0 /* FirebaseFirestore */,
				4FD812D62BF87AB900F16ED0 /* FirebaseFirestoreSwift */,
				10DDE25F2C00F9AA0084E1BF /* FirebaseMessaging */,
			);
			productName = DDooing;
			productReference = 4FAD25AC2BF3339A00EBD37A /* DDooing.app */;
			productType = "com.apple.product-type.application";
		};
		4FAD25BB2BF3339B00EBD37A /* DDooingTests */ = {
			isa = PBXNativeTarget;
			buildConfigurationList = 4FAD25D32BF3339B00EBD37A /* Build configuration list for PBXNativeTarget "DDooingTests" */;
			buildPhases = (
				4FAD25B82BF3339B00EBD37A /* Sources */,
				4FAD25B92BF3339B00EBD37A /* Frameworks */,
				4FAD25BA2BF3339B00EBD37A /* Resources */,
			);
			buildRules = (
			);
			dependencies = (
				4FAD25BE2BF3339B00EBD37A /* PBXTargetDependency */,
			);
			name = DDooingTests;
			packageProductDependencies = (
			);
			productName = DDooingTests;
			productReference = 4FAD25BC2BF3339B00EBD37A /* DDooingTests.xctest */;
			productType = "com.apple.product-type.bundle.unit-test";
		};
		4FAD25C52BF3339B00EBD37A /* DDooingUITests */ = {
			isa = PBXNativeTarget;
			buildConfigurationList = 4FAD25D62BF3339B00EBD37A /* Build configuration list for PBXNativeTarget "DDooingUITests" */;
			buildPhases = (
				4FAD25C22BF3339B00EBD37A /* Sources */,
				4FAD25C32BF3339B00EBD37A /* Frameworks */,
				4FAD25C42BF3339B00EBD37A /* Resources */,
			);
			buildRules = (
			);
			dependencies = (
				4FAD25C82BF3339B00EBD37A /* PBXTargetDependency */,
			);
			name = DDooingUITests;
			productName = DDooingUITests;
			productReference = 4FAD25C62BF3339B00EBD37A /* DDooingUITests.xctest */;
			productType = "com.apple.product-type.bundle.ui-testing";
		};
		4FBE64B22BFDC940008363A0 /* DDooingWidgetExtension */ = {
			isa = PBXNativeTarget;
			buildConfigurationList = 4FBE64CA2BFDC941008363A0 /* Build configuration list for PBXNativeTarget "DDooingWidgetExtension" */;
			buildPhases = (
				4FBE64AF2BFDC940008363A0 /* Sources */,
				4FBE64B02BFDC940008363A0 /* Frameworks */,
				4FBE64B12BFDC940008363A0 /* Resources */,
			);
			buildRules = (
			);
			dependencies = (
			);
			name = DDooingWidgetExtension;
			packageProductDependencies = (
				4FBE64D12BFDD572008363A0 /* FirebaseAnalytics */,
				4FBE64D32BFDD572008363A0 /* FirebaseAuth */,
				4FBE64D52BFDD572008363A0 /* FirebaseDatabase */,
				4FBE64D72BFDD572008363A0 /* FirebaseDatabaseSwift */,
				4FBE64D92BFDD572008363A0 /* FirebaseFirestore */,
				4FBE64DB2BFDD572008363A0 /* FirebaseFirestoreSwift */,
			);
			productName = DDooingWidgetExtension;
			productReference = 4FBE64B32BFDC940008363A0 /* DDooingWidgetExtension.appex */;
			productType = "com.apple.product-type.app-extension";
		};
/* End PBXNativeTarget section */

/* Begin PBXProject section */
		4FAD25A42BF3339A00EBD37A /* Project object */ = {
			isa = PBXProject;
			attributes = {
				BuildIndependentTargetsInParallel = 1;
				LastSwiftUpdateCheck = 1530;
				LastUpgradeCheck = 1620;
				TargetAttributes = {
					4FAD25AB2BF3339A00EBD37A = {
						CreatedOnToolsVersion = 15.3;
					};
					4FAD25BB2BF3339B00EBD37A = {
						CreatedOnToolsVersion = 15.3;
						TestTargetID = 4FAD25AB2BF3339A00EBD37A;
					};
					4FAD25C52BF3339B00EBD37A = {
						CreatedOnToolsVersion = 15.3;
						TestTargetID = 4FAD25AB2BF3339A00EBD37A;
					};
					4FBE64B22BFDC940008363A0 = {
						CreatedOnToolsVersion = 15.3;
					};
				};
			};
			buildConfigurationList = 4FAD25A72BF3339A00EBD37A /* Build configuration list for PBXProject "DDooing" */;
			compatibilityVersion = "Xcode 14.0";
			developmentRegion = en;
			hasScannedForEncodings = 0;
			knownRegions = (
				en,
				Base,
			);
			mainGroup = 4FAD25A32BF3339A00EBD37A;
			packageReferences = (
				4FD812C72BF8798A00F16ED0 /* XCRemoteSwiftPackageReference "firebase-ios-sdk" */,
			);
			productRefGroup = 4FAD25AD2BF3339A00EBD37A /* Products */;
			projectDirPath = "";
			projectRoot = "";
			targets = (
				4FAD25AB2BF3339A00EBD37A /* DDooing */,
				4FAD25BB2BF3339B00EBD37A /* DDooingTests */,
				4FAD25C52BF3339B00EBD37A /* DDooingUITests */,
				4FBE64B22BFDC940008363A0 /* DDooingWidgetExtension */,
			);
		};
/* End PBXProject section */

/* Begin PBXResourcesBuildPhase section */
		4FAD25AA2BF3339A00EBD37A /* Resources */ = {
			isa = PBXResourcesBuildPhase;
			buildActionMask = 2147483647;
			files = (
				4FB3E1F52D186FA5000C08A8 /* GoogleService-Info.plist in Resources */,
				4FAD25B72BF3339B00EBD37A /* Preview Assets.xcassets in Resources */,
				4F1A59492BF8892000C3EF2C /* Pretendard-Bold.otf in Resources */,
				4F3F813C2BFDDCEC008C920C /* Assets.xcassets in Resources */,
				4F1A59432BF8892000C3EF2C /* Pretendard-Regular.otf in Resources */,
				4F1A59552BF8892000C3EF2C /* Pretendard-SemiBold.otf in Resources */,
				4F1A594C2BF8892000C3EF2C /* Pretendard-Thin.otf in Resources */,
				4F1A594F2BF8892000C3EF2C /* Pretendard-Black.otf in Resources */,
				4FAD25B42BF3339B00EBD37A /* Assets.xcassets in Resources */,
				4F1A59402BF8892000C3EF2C /* Pretendard-ExtraLight.otf in Resources */,
				4F1A59462BF8892000C3EF2C /* Pretendard-Light.otf in Resources */,
				4F1A593D2BF8892000C3EF2C /* Pretendard-ExtraBold.otf in Resources */,
				4F1A59522BF8892000C3EF2C /* Pretendard-Medium.otf in Resources */,
			);
			runOnlyForDeploymentPostprocessing = 0;
		};
		4FAD25BA2BF3339B00EBD37A /* Resources */ = {
			isa = PBXResourcesBuildPhase;
			buildActionMask = 2147483647;
			files = (
				4F1A59412BF8892000C3EF2C /* Pretendard-ExtraLight.otf in Resources */,
				4F1A594A2BF8892000C3EF2C /* Pretendard-Bold.otf in Resources */,
				4F1A59472BF8892000C3EF2C /* Pretendard-Light.otf in Resources */,
				4F1A59532BF8892000C3EF2C /* Pretendard-Medium.otf in Resources */,
				4F1A594D2BF8892000C3EF2C /* Pretendard-Thin.otf in Resources */,
				4F1A59442BF8892000C3EF2C /* Pretendard-Regular.otf in Resources */,
				4F1A59562BF8892000C3EF2C /* Pretendard-SemiBold.otf in Resources */,
				4FB3E1F82D186FA5000C08A8 /* GoogleService-Info.plist in Resources */,
				4F1A59502BF8892000C3EF2C /* Pretendard-Black.otf in Resources */,
				4F1A593E2BF8892000C3EF2C /* Pretendard-ExtraBold.otf in Resources */,
			);
			runOnlyForDeploymentPostprocessing = 0;
		};
		4FAD25C42BF3339B00EBD37A /* Resources */ = {
			isa = PBXResourcesBuildPhase;
			buildActionMask = 2147483647;
			files = (
				4F1A59422BF8892000C3EF2C /* Pretendard-ExtraLight.otf in Resources */,
				4F1A594B2BF8892000C3EF2C /* Pretendard-Bold.otf in Resources */,
				4F1A59482BF8892000C3EF2C /* Pretendard-Light.otf in Resources */,
				4F1A59542BF8892000C3EF2C /* Pretendard-Medium.otf in Resources */,
				4F1A594E2BF8892000C3EF2C /* Pretendard-Thin.otf in Resources */,
				4F1A59452BF8892000C3EF2C /* Pretendard-Regular.otf in Resources */,
				4F1A59572BF8892000C3EF2C /* Pretendard-SemiBold.otf in Resources */,
				4FB3E1F62D186FA5000C08A8 /* GoogleService-Info.plist in Resources */,
				4F1A59512BF8892000C3EF2C /* Pretendard-Black.otf in Resources */,
				4F1A593F2BF8892000C3EF2C /* Pretendard-ExtraBold.otf in Resources */,
			);
			runOnlyForDeploymentPostprocessing = 0;
		};
		4FBE64B12BFDC940008363A0 /* Resources */ = {
			isa = PBXResourcesBuildPhase;
			buildActionMask = 2147483647;
			files = (
				4FB3E1F72D186FA5000C08A8 /* GoogleService-Info.plist in Resources */,
				4F6D48A52C00BF5A008B2A7F /* Pretendard-ExtraLight.otf in Resources */,
				4F3F813F2BFDDEDC008C920C /* Assets.xcassets in Resources */,
				4F6D48A32C00BF57008B2A7F /* Pretendard-Bold.otf in Resources */,
				4F6D48A72C00BF60008B2A7F /* Pretendard-Medium.otf in Resources */,
				4F6D48A82C00BF62008B2A7F /* Pretendard-Regular.otf in Resources */,
				4F6D48A42C00BF58008B2A7F /* Pretendard-ExtraBold.otf in Resources */,
				4F6D48A62C00BF5D008B2A7F /* Pretendard-Light.otf in Resources */,
				4F6D48A92C00BF65008B2A7F /* Pretendard-SemiBold.otf in Resources */,
				4F6D48A22C00BF54008B2A7F /* Pretendard-Black.otf in Resources */,
				4F6D48AA2C00BF67008B2A7F /* Pretendard-Thin.otf in Resources */,
				4F6D48AD2C00BF8D008B2A7F /* Assets.xcassets in Resources */,
				4F8D878E2BFF8650006BEF4A /* (null) in Resources */,
			);
			runOnlyForDeploymentPostprocessing = 0;
		};
/* End PBXResourcesBuildPhase section */

/* Begin PBXSourcesBuildPhase section */
		4FAD25A82BF3339A00EBD37A /* Sources */ = {
			isa = PBXSourcesBuildPhase;
			buildActionMask = 2147483647;
			files = (
				4FF5158C2BF33EAB0056531C /* LoginView.swift in Sources */,
				4F3F813E2BFDDDE2008C920C /* WidgetColor.swift in Sources */,
				4FF515942BF33F810056531C /* HomeView.swift in Sources */,
				4FD812D92BF87BA800F16ED0 /* LoginViewModel.swift in Sources */,
				4FF515962BF33FB40056531C /* TextEditView.swift in Sources */,
				4FF293F52BFA27AF004BDDB3 /* AppViewModel.swift in Sources */,
				4FBE64D02BFDD4F5008363A0 /* DDooingWidget.swift in Sources */,
				4FF515922BF33F680056531C /* PartnerNameView.swift in Sources */,
				9D79E9372BF5FAD700A05D95 /* MessageModel.swift in Sources */,
				4FF293F32BFA2779004BDDB3 /* ContentView.swift in Sources */,
				4FF293E92BF8EF33004BDDB3 /* UserStatusViewModel.swift in Sources */,
				4FAD25B22BF3339A00EBD37A /* MainView.swift in Sources */,
				4FF515902BF33F430056531C /* RandomCodeView.swift in Sources */,
				4FAD25B02BF3339A00EBD37A /* DDooingApp.swift in Sources */,
				4F3F81542BFE63CA008C920C /* AppModelContainer.swift in Sources */,
				4F1A59592BF8894600C3EF2C /* FontManager.swift in Sources */,
				10DDE25B2C00F7F40084E1BF /* NotificationDataModel.swift in Sources */,
				4FF515982BF33FD70056531C /* ShowMessageView.swift in Sources */,
			);
			runOnlyForDeploymentPostprocessing = 0;
		};
		4FAD25B82BF3339B00EBD37A /* Sources */ = {
			isa = PBXSourcesBuildPhase;
			buildActionMask = 2147483647;
			files = (
				4F1A595A2BF8894600C3EF2C /* FontManager.swift in Sources */,
				10DDE25C2C00F7F40084E1BF /* NotificationDataModel.swift in Sources */,
				4FAD25C12BF3339B00EBD37A /* DDooingTests.swift in Sources */,
			);
			runOnlyForDeploymentPostprocessing = 0;
		};
		4FAD25C22BF3339B00EBD37A /* Sources */ = {
			isa = PBXSourcesBuildPhase;
			buildActionMask = 2147483647;
			files = (
				4FAD25CB2BF3339B00EBD37A /* DDooingUITests.swift in Sources */,
				4F1A595B2BF8894600C3EF2C /* FontManager.swift in Sources */,
				10DDE25D2C00F7F40084E1BF /* NotificationDataModel.swift in Sources */,
				4FAD25CD2BF3339B00EBD37A /* DDooingUITestsLaunchTests.swift in Sources */,
			);
			runOnlyForDeploymentPostprocessing = 0;
		};
		4FBE64AF2BFDC940008363A0 /* Sources */ = {
			isa = PBXSourcesBuildPhase;
			buildActionMask = 2147483647;
			files = (
				4F6D489A2C00BEE4008B2A7F /* AppViewModel.swift in Sources */,
				4F6D48A12C00BF50008B2A7F /* FontManager.swift in Sources */,
				4F6D48A02C00BF1D008B2A7F /* ShowMessageView.swift in Sources */,
				4F6D489E2C00BF09008B2A7F /* MainView.swift in Sources */,
				4FBE64BA2BFDC940008363A0 /* DDooingWidgetBundle.swift in Sources */,
				4F6D489C2C00BEF9008B2A7F /* RandomCodeView.swift in Sources */,
				4F3F81412BFE0F7B008C920C /* MessageModel.swift in Sources */,
				4FBE64C02BFDC940008363A0 /* AppIntent.swift in Sources */,
				4FBE64BE2BFDC940008363A0 /* DDooingWidget.swift in Sources */,
				4F3F81422BFE10AE008C920C /* HomeView.swift in Sources */,
				4F6D48982C00BDF9008B2A7F /* ContentView.swift in Sources */,
				4FBE64BC2BFDC940008363A0 /* DDooingWidgetLiveActivity.swift in Sources */,
				4F6D489B2C00BEEB008B2A7F /* LoginView.swift in Sources */,
				4F3F81402BFDE116008C920C /* WidgetColor.swift in Sources */,
				10DDE25E2C00F7F40084E1BF /* NotificationDataModel.swift in Sources */,
				4F3F81552BFE63CA008C920C /* AppModelContainer.swift in Sources */,
				4F6D48AB2C00BF88008B2A7F /* UserStatusViewModel.swift in Sources */,
				4F6D489D2C00BEFC008B2A7F /* PartnerNameView.swift in Sources */,
				4F6D48AC2C00BF8A008B2A7F /* LoginViewModel.swift in Sources */,
				4F6D489F2C00BF1A008B2A7F /* TextEditView.swift in Sources */,
			);
			runOnlyForDeploymentPostprocessing = 0;
		};
/* End PBXSourcesBuildPhase section */

/* Begin PBXTargetDependency section */
		4FAD25BE2BF3339B00EBD37A /* PBXTargetDependency */ = {
			isa = PBXTargetDependency;
			target = 4FAD25AB2BF3339A00EBD37A /* DDooing */;
			targetProxy = 4FAD25BD2BF3339B00EBD37A /* PBXContainerItemProxy */;
		};
		4FAD25C82BF3339B00EBD37A /* PBXTargetDependency */ = {
			isa = PBXTargetDependency;
			target = 4FAD25AB2BF3339A00EBD37A /* DDooing */;
			targetProxy = 4FAD25C72BF3339B00EBD37A /* PBXContainerItemProxy */;
		};
		4FBE64C52BFDC941008363A0 /* PBXTargetDependency */ = {
			isa = PBXTargetDependency;
			target = 4FBE64B22BFDC940008363A0 /* DDooingWidgetExtension */;
			targetProxy = 4FBE64C42BFDC941008363A0 /* PBXContainerItemProxy */;
		};
/* End PBXTargetDependency section */

/* Begin XCBuildConfiguration section */
		4FAD25CE2BF3339B00EBD37A /* Debug */ = {
			isa = XCBuildConfiguration;
			buildSettings = {
				ALWAYS_SEARCH_USER_PATHS = NO;
				ASSETCATALOG_COMPILER_GENERATE_SWIFT_ASSET_SYMBOL_EXTENSIONS = YES;
				CLANG_ANALYZER_NONNULL = YES;
				CLANG_ANALYZER_NUMBER_OBJECT_CONVERSION = YES_AGGRESSIVE;
				CLANG_CXX_LANGUAGE_STANDARD = "gnu++20";
				CLANG_ENABLE_MODULES = YES;
				CLANG_ENABLE_OBJC_ARC = YES;
				CLANG_ENABLE_OBJC_WEAK = YES;
				CLANG_WARN_BLOCK_CAPTURE_AUTORELEASING = YES;
				CLANG_WARN_BOOL_CONVERSION = YES;
				CLANG_WARN_COMMA = YES;
				CLANG_WARN_CONSTANT_CONVERSION = YES;
				CLANG_WARN_DEPRECATED_OBJC_IMPLEMENTATIONS = YES;
				CLANG_WARN_DIRECT_OBJC_ISA_USAGE = YES_ERROR;
				CLANG_WARN_DOCUMENTATION_COMMENTS = YES;
				CLANG_WARN_EMPTY_BODY = YES;
				CLANG_WARN_ENUM_CONVERSION = YES;
				CLANG_WARN_INFINITE_RECURSION = YES;
				CLANG_WARN_INT_CONVERSION = YES;
				CLANG_WARN_NON_LITERAL_NULL_CONVERSION = YES;
				CLANG_WARN_OBJC_IMPLICIT_RETAIN_SELF = YES;
				CLANG_WARN_OBJC_LITERAL_CONVERSION = YES;
				CLANG_WARN_OBJC_ROOT_CLASS = YES_ERROR;
				CLANG_WARN_QUOTED_INCLUDE_IN_FRAMEWORK_HEADER = YES;
				CLANG_WARN_RANGE_LOOP_ANALYSIS = YES;
				CLANG_WARN_STRICT_PROTOTYPES = YES;
				CLANG_WARN_SUSPICIOUS_MOVE = YES;
				CLANG_WARN_UNGUARDED_AVAILABILITY = YES_AGGRESSIVE;
				CLANG_WARN_UNREACHABLE_CODE = YES;
				CLANG_WARN__DUPLICATE_METHOD_MATCH = YES;
				COPY_PHASE_STRIP = NO;
				DEBUG_INFORMATION_FORMAT = dwarf;
				ENABLE_STRICT_OBJC_MSGSEND = YES;
				ENABLE_TESTABILITY = YES;
				ENABLE_USER_SCRIPT_SANDBOXING = YES;
				GCC_C_LANGUAGE_STANDARD = gnu17;
				GCC_DYNAMIC_NO_PIC = NO;
				GCC_NO_COMMON_BLOCKS = YES;
				GCC_OPTIMIZATION_LEVEL = 0;
				GCC_PREPROCESSOR_DEFINITIONS = (
					"DEBUG=1",
					"$(inherited)",
				);
				GCC_WARN_64_TO_32_BIT_CONVERSION = YES;
				GCC_WARN_ABOUT_RETURN_TYPE = YES_ERROR;
				GCC_WARN_UNDECLARED_SELECTOR = YES;
				GCC_WARN_UNINITIALIZED_AUTOS = YES_AGGRESSIVE;
				GCC_WARN_UNUSED_FUNCTION = YES;
				GCC_WARN_UNUSED_VARIABLE = YES;
				IPHONEOS_DEPLOYMENT_TARGET = 17.4;
				LOCALIZATION_PREFERS_STRING_CATALOGS = YES;
				MTL_ENABLE_DEBUG_INFO = INCLUDE_SOURCE;
				MTL_FAST_MATH = YES;
				ONLY_ACTIVE_ARCH = YES;
				SDKROOT = iphoneos;
				SWIFT_ACTIVE_COMPILATION_CONDITIONS = "DEBUG $(inherited)";
				SWIFT_OPTIMIZATION_LEVEL = "-Onone";
			};
			name = Debug;
		};
		4FAD25CF2BF3339B00EBD37A /* Release */ = {
			isa = XCBuildConfiguration;
			buildSettings = {
				ALWAYS_SEARCH_USER_PATHS = NO;
				ASSETCATALOG_COMPILER_GENERATE_SWIFT_ASSET_SYMBOL_EXTENSIONS = YES;
				CLANG_ANALYZER_NONNULL = YES;
				CLANG_ANALYZER_NUMBER_OBJECT_CONVERSION = YES_AGGRESSIVE;
				CLANG_CXX_LANGUAGE_STANDARD = "gnu++20";
				CLANG_ENABLE_MODULES = YES;
				CLANG_ENABLE_OBJC_ARC = YES;
				CLANG_ENABLE_OBJC_WEAK = YES;
				CLANG_WARN_BLOCK_CAPTURE_AUTORELEASING = YES;
				CLANG_WARN_BOOL_CONVERSION = YES;
				CLANG_WARN_COMMA = YES;
				CLANG_WARN_CONSTANT_CONVERSION = YES;
				CLANG_WARN_DEPRECATED_OBJC_IMPLEMENTATIONS = YES;
				CLANG_WARN_DIRECT_OBJC_ISA_USAGE = YES_ERROR;
				CLANG_WARN_DOCUMENTATION_COMMENTS = YES;
				CLANG_WARN_EMPTY_BODY = YES;
				CLANG_WARN_ENUM_CONVERSION = YES;
				CLANG_WARN_INFINITE_RECURSION = YES;
				CLANG_WARN_INT_CONVERSION = YES;
				CLANG_WARN_NON_LITERAL_NULL_CONVERSION = YES;
				CLANG_WARN_OBJC_IMPLICIT_RETAIN_SELF = YES;
				CLANG_WARN_OBJC_LITERAL_CONVERSION = YES;
				CLANG_WARN_OBJC_ROOT_CLASS = YES_ERROR;
				CLANG_WARN_QUOTED_INCLUDE_IN_FRAMEWORK_HEADER = YES;
				CLANG_WARN_RANGE_LOOP_ANALYSIS = YES;
				CLANG_WARN_STRICT_PROTOTYPES = YES;
				CLANG_WARN_SUSPICIOUS_MOVE = YES;
				CLANG_WARN_UNGUARDED_AVAILABILITY = YES_AGGRESSIVE;
				CLANG_WARN_UNREACHABLE_CODE = YES;
				CLANG_WARN__DUPLICATE_METHOD_MATCH = YES;
				COPY_PHASE_STRIP = NO;
				DEBUG_INFORMATION_FORMAT = "dwarf-with-dsym";
				ENABLE_NS_ASSERTIONS = NO;
				ENABLE_STRICT_OBJC_MSGSEND = YES;
				ENABLE_USER_SCRIPT_SANDBOXING = YES;
				GCC_C_LANGUAGE_STANDARD = gnu17;
				GCC_NO_COMMON_BLOCKS = YES;
				GCC_WARN_64_TO_32_BIT_CONVERSION = YES;
				GCC_WARN_ABOUT_RETURN_TYPE = YES_ERROR;
				GCC_WARN_UNDECLARED_SELECTOR = YES;
				GCC_WARN_UNINITIALIZED_AUTOS = YES_AGGRESSIVE;
				GCC_WARN_UNUSED_FUNCTION = YES;
				GCC_WARN_UNUSED_VARIABLE = YES;
				IPHONEOS_DEPLOYMENT_TARGET = 17.4;
				LOCALIZATION_PREFERS_STRING_CATALOGS = YES;
				MTL_ENABLE_DEBUG_INFO = NO;
				MTL_FAST_MATH = YES;
				SDKROOT = iphoneos;
				SWIFT_COMPILATION_MODE = wholemodule;
				VALIDATE_PRODUCT = YES;
			};
			name = Release;
		};
		4FAD25D12BF3339B00EBD37A /* Debug */ = {
			isa = XCBuildConfiguration;
			buildSettings = {
				ASSETCATALOG_COMPILER_APPICON_NAME = AppIcon;
				ASSETCATALOG_COMPILER_GLOBAL_ACCENT_COLOR_NAME = AccentColor;
				CODE_SIGN_ENTITLEMENTS = DDooing/DDooing.entitlements;
				CODE_SIGN_IDENTITY = "Apple Development";
				CODE_SIGN_STYLE = Automatic;
				CURRENT_PROJECT_VERSION = 1;
				DEVELOPMENT_ASSET_PATHS = "\"DDooing/Preview Content\"";
				DEVELOPMENT_TEAM = 3GB5WJ43G4;
				ENABLE_PREVIEWS = YES;
				GENERATE_INFOPLIST_FILE = YES;
				INFOPLIST_FILE = DDooing/Info.plist;
				INFOPLIST_KEY_UIApplicationSceneManifest_Generation = YES;
				INFOPLIST_KEY_UIApplicationSupportsIndirectInputEvents = YES;
				INFOPLIST_KEY_UILaunchScreen_Generation = YES;
				INFOPLIST_KEY_UISupportedInterfaceOrientations_iPad = "UIInterfaceOrientationPortrait UIInterfaceOrientationPortraitUpsideDown UIInterfaceOrientationLandscapeLeft UIInterfaceOrientationLandscapeRight";
				INFOPLIST_KEY_UISupportedInterfaceOrientations_iPhone = "UIInterfaceOrientationPortrait UIInterfaceOrientationLandscapeLeft UIInterfaceOrientationLandscapeRight";
				LD_RUNPATH_SEARCH_PATHS = (
					"$(inherited)",
					"@executable_path/Frameworks",
				);
				MARKETING_VERSION = 1.0;
				PRODUCT_BUNDLE_IDENTIFIER = com.KkaKka.DDooing;
				PRODUCT_NAME = "$(TARGET_NAME)";
				PROVISIONING_PROFILE_SPECIFIER = "";
				SWIFT_EMIT_LOC_STRINGS = YES;
				SWIFT_VERSION = 5.0;
				TARGETED_DEVICE_FAMILY = "1,2";
			};
			name = Debug;
		};
		4FAD25D22BF3339B00EBD37A /* Release */ = {
			isa = XCBuildConfiguration;
			buildSettings = {
				ASSETCATALOG_COMPILER_APPICON_NAME = AppIcon;
				ASSETCATALOG_COMPILER_GLOBAL_ACCENT_COLOR_NAME = AccentColor;
				CODE_SIGN_ENTITLEMENTS = DDooing/DDooingRelease.entitlements;
				CODE_SIGN_IDENTITY = "Apple Development";
				CODE_SIGN_STYLE = Automatic;
				CURRENT_PROJECT_VERSION = 1;
				DEVELOPMENT_ASSET_PATHS = "\"DDooing/Preview Content\"";
				DEVELOPMENT_TEAM = 3GB5WJ43G4;
				ENABLE_PREVIEWS = YES;
				GENERATE_INFOPLIST_FILE = YES;
				INFOPLIST_FILE = DDooing/Info.plist;
				INFOPLIST_KEY_UIApplicationSceneManifest_Generation = YES;
				INFOPLIST_KEY_UIApplicationSupportsIndirectInputEvents = YES;
				INFOPLIST_KEY_UILaunchScreen_Generation = YES;
				INFOPLIST_KEY_UISupportedInterfaceOrientations_iPad = "UIInterfaceOrientationPortrait UIInterfaceOrientationPortraitUpsideDown UIInterfaceOrientationLandscapeLeft UIInterfaceOrientationLandscapeRight";
				INFOPLIST_KEY_UISupportedInterfaceOrientations_iPhone = "UIInterfaceOrientationPortrait UIInterfaceOrientationLandscapeLeft UIInterfaceOrientationLandscapeRight";
				LD_RUNPATH_SEARCH_PATHS = (
					"$(inherited)",
					"@executable_path/Frameworks",
				);
				MARKETING_VERSION = 1.0;
				PRODUCT_BUNDLE_IDENTIFIER = com.KkaKka.DDooing;
				PRODUCT_NAME = "$(TARGET_NAME)";
				PROVISIONING_PROFILE_SPECIFIER = "";
				SWIFT_EMIT_LOC_STRINGS = YES;
				SWIFT_VERSION = 5.0;
				TARGETED_DEVICE_FAMILY = "1,2";
			};
			name = Release;
		};
		4FAD25D42BF3339B00EBD37A /* Debug */ = {
			isa = XCBuildConfiguration;
			buildSettings = {
				BUNDLE_LOADER = "$(TEST_HOST)";
				CODE_SIGN_STYLE = Automatic;
				CURRENT_PROJECT_VERSION = 1;
				DEVELOPMENT_TEAM = 3GB5WJ43G4;
				GENERATE_INFOPLIST_FILE = YES;
				IPHONEOS_DEPLOYMENT_TARGET = 17.4;
				MARKETING_VERSION = 1.0;
				PRODUCT_BUNDLE_IDENTIFIER = com.KkaKka.DDooingTests;
				PRODUCT_NAME = "$(TARGET_NAME)";
				SWIFT_EMIT_LOC_STRINGS = NO;
				SWIFT_VERSION = 5.0;
				TARGETED_DEVICE_FAMILY = "1,2";
				TEST_HOST = "$(BUILT_PRODUCTS_DIR)/DDooing.app/$(BUNDLE_EXECUTABLE_FOLDER_PATH)/DDooing";
			};
			name = Debug;
		};
		4FAD25D52BF3339B00EBD37A /* Release */ = {
			isa = XCBuildConfiguration;
			buildSettings = {
				BUNDLE_LOADER = "$(TEST_HOST)";
				CODE_SIGN_STYLE = Automatic;
				CURRENT_PROJECT_VERSION = 1;
				DEVELOPMENT_TEAM = 3GB5WJ43G4;
				GENERATE_INFOPLIST_FILE = YES;
				IPHONEOS_DEPLOYMENT_TARGET = 17.4;
				MARKETING_VERSION = 1.0;
				PRODUCT_BUNDLE_IDENTIFIER = com.KkaKka.DDooingTests;
				PRODUCT_NAME = "$(TARGET_NAME)";
				SWIFT_EMIT_LOC_STRINGS = NO;
				SWIFT_VERSION = 5.0;
				TARGETED_DEVICE_FAMILY = "1,2";
				TEST_HOST = "$(BUILT_PRODUCTS_DIR)/DDooing.app/$(BUNDLE_EXECUTABLE_FOLDER_PATH)/DDooing";
			};
			name = Release;
		};
		4FAD25D72BF3339B00EBD37A /* Debug */ = {
			isa = XCBuildConfiguration;
			buildSettings = {
				CODE_SIGN_STYLE = Automatic;
				CURRENT_PROJECT_VERSION = 1;
				DEVELOPMENT_TEAM = 3GB5WJ43G4;
				GENERATE_INFOPLIST_FILE = YES;
				MARKETING_VERSION = 1.0;
				PRODUCT_BUNDLE_IDENTIFIER = com.KkaKka.DDooingUITests;
				PRODUCT_NAME = "$(TARGET_NAME)";
				SWIFT_EMIT_LOC_STRINGS = NO;
				SWIFT_VERSION = 5.0;
				TARGETED_DEVICE_FAMILY = "1,2";
				TEST_TARGET_NAME = DDooing;
			};
			name = Debug;
		};
		4FAD25D82BF3339B00EBD37A /* Release */ = {
			isa = XCBuildConfiguration;
			buildSettings = {
				CODE_SIGN_STYLE = Automatic;
				CURRENT_PROJECT_VERSION = 1;
				DEVELOPMENT_TEAM = 3GB5WJ43G4;
				GENERATE_INFOPLIST_FILE = YES;
				MARKETING_VERSION = 1.0;
				PRODUCT_BUNDLE_IDENTIFIER = com.KkaKka.DDooingUITests;
				PRODUCT_NAME = "$(TARGET_NAME)";
				SWIFT_EMIT_LOC_STRINGS = NO;
				SWIFT_VERSION = 5.0;
				TARGETED_DEVICE_FAMILY = "1,2";
				TEST_TARGET_NAME = DDooing;
			};
			name = Release;
		};
		4FBE64C82BFDC941008363A0 /* Debug */ = {
			isa = XCBuildConfiguration;
			buildSettings = {
				ASSETCATALOG_COMPILER_GLOBAL_ACCENT_COLOR_NAME = AccentColor;
				ASSETCATALOG_COMPILER_WIDGET_BACKGROUND_COLOR_NAME = WidgetBackground;
				CODE_SIGN_ENTITLEMENTS = DDooingWidgetExtension.entitlements;
				CODE_SIGN_IDENTITY = "Apple Development";
				CODE_SIGN_STYLE = Automatic;
				CURRENT_PROJECT_VERSION = 1;
				DEVELOPMENT_TEAM = 3GB5WJ43G4;
				GENERATE_INFOPLIST_FILE = YES;
				INFOPLIST_FILE = DDooingWidget/Info.plist;
				INFOPLIST_KEY_CFBundleDisplayName = DDooingWidget;
				INFOPLIST_KEY_NSHumanReadableCopyright = "";
				LD_RUNPATH_SEARCH_PATHS = (
					"$(inherited)",
					"@executable_path/Frameworks",
					"@executable_path/../../Frameworks",
				);
				MARKETING_VERSION = 1.0;
				PRODUCT_BUNDLE_IDENTIFIER = com.KkaKka.DDooing.DDooingWidget;
				PRODUCT_NAME = "$(TARGET_NAME)";
				SKIP_INSTALL = YES;
				SWIFT_EMIT_LOC_STRINGS = YES;
				SWIFT_VERSION = 5.0;
				TARGETED_DEVICE_FAMILY = "1,2";
			};
			name = Debug;
		};
		4FBE64C92BFDC941008363A0 /* Release */ = {
			isa = XCBuildConfiguration;
			buildSettings = {
				ASSETCATALOG_COMPILER_GLOBAL_ACCENT_COLOR_NAME = AccentColor;
				ASSETCATALOG_COMPILER_WIDGET_BACKGROUND_COLOR_NAME = WidgetBackground;
				CODE_SIGN_ENTITLEMENTS = DDooingWidgetExtension.entitlements;
				CODE_SIGN_IDENTITY = "Apple Development";
				CODE_SIGN_STYLE = Automatic;
				CURRENT_PROJECT_VERSION = 1;
				DEVELOPMENT_TEAM = 3GB5WJ43G4;
				GENERATE_INFOPLIST_FILE = YES;
				INFOPLIST_FILE = DDooingWidget/Info.plist;
				INFOPLIST_KEY_CFBundleDisplayName = DDooingWidget;
				INFOPLIST_KEY_NSHumanReadableCopyright = "";
				LD_RUNPATH_SEARCH_PATHS = (
					"$(inherited)",
					"@executable_path/Frameworks",
					"@executable_path/../../Frameworks",
				);
				MARKETING_VERSION = 1.0;
				PRODUCT_BUNDLE_IDENTIFIER = com.KkaKka.DDooing.DDooingWidget;
				PRODUCT_NAME = "$(TARGET_NAME)";
				SKIP_INSTALL = YES;
				SWIFT_EMIT_LOC_STRINGS = YES;
				SWIFT_VERSION = 5.0;
				TARGETED_DEVICE_FAMILY = "1,2";
			};
			name = Release;
		};
/* End XCBuildConfiguration section */

/* Begin XCConfigurationList section */
		4FAD25A72BF3339A00EBD37A /* Build configuration list for PBXProject "DDooing" */ = {
			isa = XCConfigurationList;
			buildConfigurations = (
				4FAD25CE2BF3339B00EBD37A /* Debug */,
				4FAD25CF2BF3339B00EBD37A /* Release */,
			);
			defaultConfigurationIsVisible = 0;
			defaultConfigurationName = Release;
		};
		4FAD25D02BF3339B00EBD37A /* Build configuration list for PBXNativeTarget "DDooing" */ = {
			isa = XCConfigurationList;
			buildConfigurations = (
				4FAD25D12BF3339B00EBD37A /* Debug */,
				4FAD25D22BF3339B00EBD37A /* Release */,
			);
			defaultConfigurationIsVisible = 0;
			defaultConfigurationName = Release;
		};
		4FAD25D32BF3339B00EBD37A /* Build configuration list for PBXNativeTarget "DDooingTests" */ = {
			isa = XCConfigurationList;
			buildConfigurations = (
				4FAD25D42BF3339B00EBD37A /* Debug */,
				4FAD25D52BF3339B00EBD37A /* Release */,
			);
			defaultConfigurationIsVisible = 0;
			defaultConfigurationName = Release;
		};
		4FAD25D62BF3339B00EBD37A /* Build configuration list for PBXNativeTarget "DDooingUITests" */ = {
			isa = XCConfigurationList;
			buildConfigurations = (
				4FAD25D72BF3339B00EBD37A /* Debug */,
				4FAD25D82BF3339B00EBD37A /* Release */,
			);
			defaultConfigurationIsVisible = 0;
			defaultConfigurationName = Release;
		};
		4FBE64CA2BFDC941008363A0 /* Build configuration list for PBXNativeTarget "DDooingWidgetExtension" */ = {
			isa = XCConfigurationList;
			buildConfigurations = (
				4FBE64C82BFDC941008363A0 /* Debug */,
				4FBE64C92BFDC941008363A0 /* Release */,
			);
			defaultConfigurationIsVisible = 0;
			defaultConfigurationName = Release;
		};
/* End XCConfigurationList section */

/* Begin XCRemoteSwiftPackageReference section */
		4FD812C72BF8798A00F16ED0 /* XCRemoteSwiftPackageReference "firebase-ios-sdk" */ = {
			isa = XCRemoteSwiftPackageReference;
			repositoryURL = "https://github.com/firebase/firebase-ios-sdk";
			requirement = {
				kind = upToNextMajorVersion;
				minimumVersion = 10.26.0;
			};
		};
/* End XCRemoteSwiftPackageReference section */

/* Begin XCSwiftPackageProductDependency section */
		10DDE25F2C00F9AA0084E1BF /* FirebaseMessaging */ = {
			isa = XCSwiftPackageProductDependency;
			package = 4FD812C72BF8798A00F16ED0 /* XCRemoteSwiftPackageReference "firebase-ios-sdk" */;
			productName = FirebaseMessaging;
		};
		4FBE64D12BFDD572008363A0 /* FirebaseAnalytics */ = {
			isa = XCSwiftPackageProductDependency;
			package = 4FD812C72BF8798A00F16ED0 /* XCRemoteSwiftPackageReference "firebase-ios-sdk" */;
			productName = FirebaseAnalytics;
		};
		4FBE64D32BFDD572008363A0 /* FirebaseAuth */ = {
			isa = XCSwiftPackageProductDependency;
			package = 4FD812C72BF8798A00F16ED0 /* XCRemoteSwiftPackageReference "firebase-ios-sdk" */;
			productName = FirebaseAuth;
		};
		4FBE64D52BFDD572008363A0 /* FirebaseDatabase */ = {
			isa = XCSwiftPackageProductDependency;
			package = 4FD812C72BF8798A00F16ED0 /* XCRemoteSwiftPackageReference "firebase-ios-sdk" */;
			productName = FirebaseDatabase;
		};
		4FBE64D72BFDD572008363A0 /* FirebaseDatabaseSwift */ = {
			isa = XCSwiftPackageProductDependency;
			package = 4FD812C72BF8798A00F16ED0 /* XCRemoteSwiftPackageReference "firebase-ios-sdk" */;
			productName = FirebaseDatabaseSwift;
		};
		4FBE64D92BFDD572008363A0 /* FirebaseFirestore */ = {
			isa = XCSwiftPackageProductDependency;
			package = 4FD812C72BF8798A00F16ED0 /* XCRemoteSwiftPackageReference "firebase-ios-sdk" */;
			productName = FirebaseFirestore;
		};
		4FBE64DB2BFDD572008363A0 /* FirebaseFirestoreSwift */ = {
			isa = XCSwiftPackageProductDependency;
			package = 4FD812C72BF8798A00F16ED0 /* XCRemoteSwiftPackageReference "firebase-ios-sdk" */;
			productName = FirebaseFirestoreSwift;
		};
		4FD812CC2BF87AB900F16ED0 /* FirebaseAnalytics */ = {
			isa = XCSwiftPackageProductDependency;
			package = 4FD812C72BF8798A00F16ED0 /* XCRemoteSwiftPackageReference "firebase-ios-sdk" */;
			productName = FirebaseAnalytics;
		};
		4FD812CE2BF87AB900F16ED0 /* FirebaseAuth */ = {
			isa = XCSwiftPackageProductDependency;
			package = 4FD812C72BF8798A00F16ED0 /* XCRemoteSwiftPackageReference "firebase-ios-sdk" */;
			productName = FirebaseAuth;
		};
		4FD812D02BF87AB900F16ED0 /* FirebaseDatabase */ = {
			isa = XCSwiftPackageProductDependency;
			package = 4FD812C72BF8798A00F16ED0 /* XCRemoteSwiftPackageReference "firebase-ios-sdk" */;
			productName = FirebaseDatabase;
		};
		4FD812D22BF87AB900F16ED0 /* FirebaseDatabaseSwift */ = {
			isa = XCSwiftPackageProductDependency;
			package = 4FD812C72BF8798A00F16ED0 /* XCRemoteSwiftPackageReference "firebase-ios-sdk" */;
			productName = FirebaseDatabaseSwift;
		};
		4FD812D42BF87AB900F16ED0 /* FirebaseFirestore */ = {
			isa = XCSwiftPackageProductDependency;
			package = 4FD812C72BF8798A00F16ED0 /* XCRemoteSwiftPackageReference "firebase-ios-sdk" */;
			productName = FirebaseFirestore;
		};
		4FD812D62BF87AB900F16ED0 /* FirebaseFirestoreSwift */ = {
			isa = XCSwiftPackageProductDependency;
			package = 4FD812C72BF8798A00F16ED0 /* XCRemoteSwiftPackageReference "firebase-ios-sdk" */;
			productName = FirebaseFirestoreSwift;
		};
/* End XCSwiftPackageProductDependency section */
	};
	rootObject = 4FAD25A42BF3339A00EBD37A /* Project object */;
}
